// !$*UTF8*$!
{
	archiveVersion = 1;
	classes = {
	};
	objectVersion = 46;
	objects = {

/* Begin PBXBuildFile section */
		E901B1FB19E59436007F70A0 /* AppDelegate.swift in Sources */ = {isa = PBXBuildFile; fileRef = E901B1FA19E59436007F70A0 /* AppDelegate.swift */; };
		E901B1FD19E59436007F70A0 /* ViewController.swift in Sources */ = {isa = PBXBuildFile; fileRef = E901B1FC19E59436007F70A0 /* ViewController.swift */; };
		E901B20019E59436007F70A0 /* Main.storyboard in Resources */ = {isa = PBXBuildFile; fileRef = E901B1FE19E59436007F70A0 /* Main.storyboard */; };
		E901B20219E59436007F70A0 /* Images.xcassets in Resources */ = {isa = PBXBuildFile; fileRef = E901B20119E59436007F70A0 /* Images.xcassets */; };
		E901B20519E59436007F70A0 /* LaunchScreen.xib in Resources */ = {isa = PBXBuildFile; fileRef = E901B20319E59436007F70A0 /* LaunchScreen.xib */; };
		E901B21119E59436007F70A0 /* iOS_AppTests.swift in Sources */ = {isa = PBXBuildFile; fileRef = E901B21019E59436007F70A0 /* iOS_AppTests.swift */; };
		E901B22919E59453007F70A0 /* SQLite.framework in Frameworks */ = {isa = PBXBuildFile; fileRef = E901B22219E5943F007F70A0 /* SQLite.framework */; };
/* End PBXBuildFile section */

/* Begin PBXContainerItemProxy section */
		E901B20B19E59436007F70A0 /* PBXContainerItemProxy */ = {
			isa = PBXContainerItemProxy;
			containerPortal = E901B1ED19E59436007F70A0 /* Project object */;
			proxyType = 1;
			remoteGlobalIDString = E901B1F419E59436007F70A0;
			remoteInfo = "iOS App";
		};
		E901B22119E5943F007F70A0 /* PBXContainerItemProxy */ = {
			isa = PBXContainerItemProxy;
			containerPortal = E901B21A19E5943E007F70A0 /* SQLite.xcodeproj */;
			proxyType = 2;
			remoteGlobalIDString = DC3773F319C8CBB3004FCF85;
			remoteInfo = "SQLite iOS";
		};
		E901B22319E5943F007F70A0 /* PBXContainerItemProxy */ = {
			isa = PBXContainerItemProxy;
			containerPortal = E901B21A19E5943E007F70A0 /* SQLite.xcodeproj */;
			proxyType = 2;
			remoteGlobalIDString = DC3773FE19C8CBB3004FCF85;
			remoteInfo = "SQLite iOS Tests";
		};
		E901B22519E5943F007F70A0 /* PBXContainerItemProxy */ = {
			isa = PBXContainerItemProxy;
			containerPortal = E901B21A19E5943E007F70A0 /* SQLite.xcodeproj */;
			proxyType = 2;
			remoteGlobalIDString = DC37741419C8CC2F004FCF85;
			remoteInfo = "SQLite Mac";
		};
		E901B22719E5943F007F70A0 /* PBXContainerItemProxy */ = {
			isa = PBXContainerItemProxy;
			containerPortal = E901B21A19E5943E007F70A0 /* SQLite.xcodeproj */;
			proxyType = 2;
			remoteGlobalIDString = DC37741E19C8CC2F004FCF85;
			remoteInfo = "SQLite Mac Tests";
		};
/* End PBXContainerItemProxy section */

/* Begin PBXCopyFilesBuildPhase section */
		E901B22C19E5946F007F70A0 /* Copy Files */ = {
			isa = PBXCopyFilesBuildPhase;
			buildActionMask = 2147483647;
			dstPath = "";
			dstSubfolderSpec = 10;
			files = (
			);
			name = "Copy Files";
			runOnlyForDeploymentPostprocessing = 0;
		};
/* End PBXCopyFilesBuildPhase section */

/* Begin PBXFileReference section */
		E901B1F519E59436007F70A0 /* iOS App.app */ = {isa = PBXFileReference; explicitFileType = wrapper.application; includeInIndex = 0; path = "iOS App.app"; sourceTree = BUILT_PRODUCTS_DIR; };
		E901B1F919E59436007F70A0 /* Info.plist */ = {isa = PBXFileReference; lastKnownFileType = text.plist.xml; path = Info.plist; sourceTree = "<group>"; };
		E901B1FA19E59436007F70A0 /* AppDelegate.swift */ = {isa = PBXFileReference; lastKnownFileType = sourcecode.swift; path = AppDelegate.swift; sourceTree = "<group>"; };
		E901B1FC19E59436007F70A0 /* ViewController.swift */ = {isa = PBXFileReference; lastKnownFileType = sourcecode.swift; path = ViewController.swift; sourceTree = "<group>"; };
		E901B1FF19E59436007F70A0 /* Base */ = {isa = PBXFileReference; lastKnownFileType = file.storyboard; name = Base; path = Base.lproj/Main.storyboard; sourceTree = "<group>"; };
		E901B20119E59436007F70A0 /* Images.xcassets */ = {isa = PBXFileReference; lastKnownFileType = folder.assetcatalog; path = Images.xcassets; sourceTree = "<group>"; };
		E901B20419E59436007F70A0 /* Base */ = {isa = PBXFileReference; lastKnownFileType = file.xib; name = Base; path = Base.lproj/LaunchScreen.xib; sourceTree = "<group>"; };
		E901B20A19E59436007F70A0 /* iOS AppTests.xctest */ = {isa = PBXFileReference; explicitFileType = wrapper.cfbundle; includeInIndex = 0; path = "iOS AppTests.xctest"; sourceTree = BUILT_PRODUCTS_DIR; };
		E901B20F19E59436007F70A0 /* Info.plist */ = {isa = PBXFileReference; lastKnownFileType = text.plist.xml; path = Info.plist; sourceTree = "<group>"; };
		E901B21019E59436007F70A0 /* iOS_AppTests.swift */ = {isa = PBXFileReference; lastKnownFileType = sourcecode.swift; path = iOS_AppTests.swift; sourceTree = "<group>"; };
		E901B21A19E5943E007F70A0 /* SQLite.xcodeproj */ = {isa = PBXFileReference; lastKnownFileType = "wrapper.pb-project"; name = SQLite.xcodeproj; path = ../SQLite.xcodeproj; sourceTree = "<group>"; };
/* End PBXFileReference section */

/* Begin PBXFrameworksBuildPhase section */
		E901B1F219E59436007F70A0 /* Frameworks */ = {
			isa = PBXFrameworksBuildPhase;
			buildActionMask = 2147483647;
			files = (
				E901B22919E59453007F70A0 /* SQLite.framework in Frameworks */,
			);
			runOnlyForDeploymentPostprocessing = 0;
		};
		E901B20719E59436007F70A0 /* Frameworks */ = {
			isa = PBXFrameworksBuildPhase;
			buildActionMask = 2147483647;
			files = (
			);
			runOnlyForDeploymentPostprocessing = 0;
		};
/* End PBXFrameworksBuildPhase section */

/* Begin PBXGroup section */
		E901B1EC19E59436007F70A0 = {
			isa = PBXGroup;
			children = (
				E901B21A19E5943E007F70A0 /* SQLite.xcodeproj */,
				E901B1F719E59436007F70A0 /* iOS App */,
				E901B20D19E59436007F70A0 /* iOS AppTests */,
				E901B1F619E59436007F70A0 /* Products */,
			);
			sourceTree = "<group>";
		};
		E901B1F619E59436007F70A0 /* Products */ = {
			isa = PBXGroup;
			children = (
				E901B1F519E59436007F70A0 /* iOS App.app */,
				E901B20A19E59436007F70A0 /* iOS AppTests.xctest */,
			);
			name = Products;
			sourceTree = "<group>";
		};
		E901B1F719E59436007F70A0 /* iOS App */ = {
			isa = PBXGroup;
			children = (
				E901B1FA19E59436007F70A0 /* AppDelegate.swift */,
				E901B1FC19E59436007F70A0 /* ViewController.swift */,
				E901B1FE19E59436007F70A0 /* Main.storyboard */,
				E901B20119E59436007F70A0 /* Images.xcassets */,
				E901B20319E59436007F70A0 /* LaunchScreen.xib */,
				E901B1F819E59436007F70A0 /* Supporting Files */,
			);
			path = "iOS App";
			sourceTree = "<group>";
		};
		E901B1F819E59436007F70A0 /* Supporting Files */ = {
			isa = PBXGroup;
			children = (
				E901B1F919E59436007F70A0 /* Info.plist */,
			);
			name = "Supporting Files";
			sourceTree = "<group>";
		};
		E901B20D19E59436007F70A0 /* iOS AppTests */ = {
			isa = PBXGroup;
			children = (
				E901B21019E59436007F70A0 /* iOS_AppTests.swift */,
				E901B20E19E59436007F70A0 /* Supporting Files */,
			);
			path = "iOS AppTests";
			sourceTree = "<group>";
		};
		E901B20E19E59436007F70A0 /* Supporting Files */ = {
			isa = PBXGroup;
			children = (
				E901B20F19E59436007F70A0 /* Info.plist */,
			);
			name = "Supporting Files";
			sourceTree = "<group>";
		};
		E901B21B19E5943E007F70A0 /* Products */ = {
			isa = PBXGroup;
			children = (
				E901B22219E5943F007F70A0 /* SQLite.framework */,
				E901B22419E5943F007F70A0 /* SQLite iOS Tests.xctest */,
				E901B22619E5943F007F70A0 /* SQLite.framework */,
				E901B22819E5943F007F70A0 /* SQLite Mac Tests.xctest */,
			);
			name = Products;
			sourceTree = "<group>";
		};
/* End PBXGroup section */

/* Begin PBXNativeTarget section */
		E901B1F419E59436007F70A0 /* iOS App */ = {
			isa = PBXNativeTarget;
			buildConfigurationList = E901B21419E59436007F70A0 /* Build configuration list for PBXNativeTarget "iOS App" */;
			buildPhases = (
				E901B1F119E59436007F70A0 /* Sources */,
				E901B1F219E59436007F70A0 /* Frameworks */,
				E901B1F319E59436007F70A0 /* Resources */,
				E901B22C19E5946F007F70A0 /* Copy Files */,
			);
			buildRules = (
			);
			dependencies = (
			);
			name = "iOS App";
			productName = "iOS App";
			productReference = E901B1F519E59436007F70A0 /* iOS App.app */;
			productType = "com.apple.product-type.application";
		};
		E901B20919E59436007F70A0 /* iOS AppTests */ = {
			isa = PBXNativeTarget;
			buildConfigurationList = E901B21719E59436007F70A0 /* Build configuration list for PBXNativeTarget "iOS AppTests" */;
			buildPhases = (
				E901B20619E59436007F70A0 /* Sources */,
				E901B20719E59436007F70A0 /* Frameworks */,
				E901B20819E59436007F70A0 /* Resources */,
			);
			buildRules = (
			);
			dependencies = (
				E901B20C19E59436007F70A0 /* PBXTargetDependency */,
			);
			name = "iOS AppTests";
			productName = "iOS AppTests";
			productReference = E901B20A19E59436007F70A0 /* iOS AppTests.xctest */;
			productType = "com.apple.product-type.bundle.unit-test";
		};
/* End PBXNativeTarget section */

/* Begin PBXProject section */
		E901B1ED19E59436007F70A0 /* Project object */ = {
			isa = PBXProject;
			attributes = {
				LastUpgradeCheck = 0600;
				ORGANIZATIONNAME = "Programming Thomas";
				TargetAttributes = {
					E901B1F419E59436007F70A0 = {
						CreatedOnToolsVersion = 6.0;
					};
					E901B20919E59436007F70A0 = {
						CreatedOnToolsVersion = 6.0;
						TestTargetID = E901B1F419E59436007F70A0;
					};
				};
			};
			buildConfigurationList = E901B1F019E59436007F70A0 /* Build configuration list for PBXProject "iOS App" */;
			compatibilityVersion = "Xcode 3.2";
			developmentRegion = English;
			hasScannedForEncodings = 0;
			knownRegions = (
				en,
				Base,
			);
			mainGroup = E901B1EC19E59436007F70A0;
			productRefGroup = E901B1F619E59436007F70A0 /* Products */;
			projectDirPath = "";
			projectReferences = (
				{
					ProductGroup = E901B21B19E5943E007F70A0 /* Products */;
					ProjectRef = E901B21A19E5943E007F70A0 /* SQLite.xcodeproj */;
				},
			);
			projectRoot = "";
			targets = (
				E901B1F419E59436007F70A0 /* iOS App */,
				E901B20919E59436007F70A0 /* iOS AppTests */,
			);
		};
/* End PBXProject section */

/* Begin PBXReferenceProxy section */
		E901B22219E5943F007F70A0 /* SQLite.framework */ = {
			isa = PBXReferenceProxy;
			fileType = wrapper.framework;
			path = SQLite.framework;
			remoteRef = E901B22119E5943F007F70A0 /* PBXContainerItemProxy */;
			sourceTree = BUILT_PRODUCTS_DIR;
		};
		E901B22419E5943F007F70A0 /* SQLite iOS Tests.xctest */ = {
			isa = PBXReferenceProxy;
			fileType = wrapper.cfbundle;
			path = "SQLite iOS Tests.xctest";
			remoteRef = E901B22319E5943F007F70A0 /* PBXContainerItemProxy */;
			sourceTree = BUILT_PRODUCTS_DIR;
		};
		E901B22619E5943F007F70A0 /* SQLite.framework */ = {
			isa = PBXReferenceProxy;
			fileType = wrapper.framework;
			path = SQLite.framework;
			remoteRef = E901B22519E5943F007F70A0 /* PBXContainerItemProxy */;
			sourceTree = BUILT_PRODUCTS_DIR;
		};
		E901B22819E5943F007F70A0 /* SQLite Mac Tests.xctest */ = {
			isa = PBXReferenceProxy;
			fileType = wrapper.cfbundle;
			path = "SQLite Mac Tests.xctest";
			remoteRef = E901B22719E5943F007F70A0 /* PBXContainerItemProxy */;
			sourceTree = BUILT_PRODUCTS_DIR;
		};
/* End PBXReferenceProxy section */

/* Begin PBXResourcesBuildPhase section */
		E901B1F319E59436007F70A0 /* Resources */ = {
			isa = PBXResourcesBuildPhase;
			buildActionMask = 2147483647;
			files = (
				E901B20019E59436007F70A0 /* Main.storyboard in Resources */,
				E901B20519E59436007F70A0 /* LaunchScreen.xib in Resources */,
				E901B20219E59436007F70A0 /* Images.xcassets in Resources */,
			);
			runOnlyForDeploymentPostprocessing = 0;
		};
		E901B20819E59436007F70A0 /* Resources */ = {
			isa = PBXResourcesBuildPhase;
			buildActionMask = 2147483647;
			files = (
			);
			runOnlyForDeploymentPostprocessing = 0;
		};
/* End PBXResourcesBuildPhase section */

/* Begin PBXSourcesBuildPhase section */
		E901B1F119E59436007F70A0 /* Sources */ = {
			isa = PBXSourcesBuildPhase;
			buildActionMask = 2147483647;
			files = (
				E901B1FD19E59436007F70A0 /* ViewController.swift in Sources */,
				E901B1FB19E59436007F70A0 /* AppDelegate.swift in Sources */,
			);
			runOnlyForDeploymentPostprocessing = 0;
		};
		E901B20619E59436007F70A0 /* Sources */ = {
			isa = PBXSourcesBuildPhase;
			buildActionMask = 2147483647;
			files = (
				E901B21119E59436007F70A0 /* iOS_AppTests.swift in Sources */,
			);
			runOnlyForDeploymentPostprocessing = 0;
		};
/* End PBXSourcesBuildPhase section */

/* Begin PBXTargetDependency section */
		E901B20C19E59436007F70A0 /* PBXTargetDependency */ = {
			isa = PBXTargetDependency;
			target = E901B1F419E59436007F70A0 /* iOS App */;
			targetProxy = E901B20B19E59436007F70A0 /* PBXContainerItemProxy */;
		};
/* End PBXTargetDependency section */

/* Begin PBXVariantGroup section */
		E901B1FE19E59436007F70A0 /* Main.storyboard */ = {
			isa = PBXVariantGroup;
			children = (
				E901B1FF19E59436007F70A0 /* Base */,
			);
			name = Main.storyboard;
			sourceTree = "<group>";
		};
		E901B20319E59436007F70A0 /* LaunchScreen.xib */ = {
			isa = PBXVariantGroup;
			children = (
				E901B20419E59436007F70A0 /* Base */,
			);
			name = LaunchScreen.xib;
			sourceTree = "<group>";
		};
/* End PBXVariantGroup section */

/* Begin XCBuildConfiguration section */
		E901B21219E59436007F70A0 /* Debug */ = {
			isa = XCBuildConfiguration;
			buildSettings = {
				ALWAYS_SEARCH_USER_PATHS = NO;
				CLANG_CXX_LANGUAGE_STANDARD = "gnu++0x";
				CLANG_CXX_LIBRARY = "libc++";
				CLANG_ENABLE_MODULES = YES;
				CLANG_ENABLE_OBJC_ARC = YES;
				CLANG_WARN_BOOL_CONVERSION = YES;
				CLANG_WARN_CONSTANT_CONVERSION = YES;
				CLANG_WARN_DIRECT_OBJC_ISA_USAGE = YES_ERROR;
				CLANG_WARN_EMPTY_BODY = YES;
				CLANG_WARN_ENUM_CONVERSION = YES;
				CLANG_WARN_INT_CONVERSION = YES;
				CLANG_WARN_OBJC_ROOT_CLASS = YES_ERROR;
				CLANG_WARN_UNREACHABLE_CODE = YES;
				CLANG_WARN__DUPLICATE_METHOD_MATCH = YES;
				"CODE_SIGN_IDENTITY[sdk=iphoneos*]" = "iPhone Developer";
				COPY_PHASE_STRIP = NO;
				ENABLE_STRICT_OBJC_MSGSEND = YES;
				GCC_C_LANGUAGE_STANDARD = gnu99;
				GCC_DYNAMIC_NO_PIC = NO;
				GCC_OPTIMIZATION_LEVEL = 0;
				GCC_PREPROCESSOR_DEFINITIONS = (
					"DEBUG=1",
					"$(inherited)",
				);
				GCC_SYMBOLS_PRIVATE_EXTERN = NO;
				GCC_WARN_64_TO_32_BIT_CONVERSION = YES;
				GCC_WARN_ABOUT_RETURN_TYPE = YES_ERROR;
				GCC_WARN_UNDECLARED_SELECTOR = YES;
				GCC_WARN_UNINITIALIZED_AUTOS = YES_AGGRESSIVE;
				GCC_WARN_UNUSED_FUNCTION = YES;
				GCC_WARN_UNUSED_VARIABLE = YES;
				IPHONEOS_DEPLOYMENT_TARGET = 8.0;
				MTL_ENABLE_DEBUG_INFO = YES;
				ONLY_ACTIVE_ARCH = YES;
				SDKROOT = iphoneos;
				SWIFT_OPTIMIZATION_LEVEL = "-Onone";
			};
			name = Debug;
		};
		E901B21319E59436007F70A0 /* Release */ = {
			isa = XCBuildConfiguration;
			buildSettings = {
				ALWAYS_SEARCH_USER_PATHS = NO;
				CLANG_CXX_LANGUAGE_STANDARD = "gnu++0x";
				CLANG_CXX_LIBRARY = "libc++";
				CLANG_ENABLE_MODULES = YES;
				CLANG_ENABLE_OBJC_ARC = YES;
				CLANG_WARN_BOOL_CONVERSION = YES;
				CLANG_WARN_CONSTANT_CONVERSION = YES;
				CLANG_WARN_DIRECT_OBJC_ISA_USAGE = YES_ERROR;
				CLANG_WARN_EMPTY_BODY = YES;
				CLANG_WARN_ENUM_CONVERSION = YES;
				CLANG_WARN_INT_CONVERSION = YES;
				CLANG_WARN_OBJC_ROOT_CLASS = YES_ERROR;
				CLANG_WARN_UNREACHABLE_CODE = YES;
				CLANG_WARN__DUPLICATE_METHOD_MATCH = YES;
				"CODE_SIGN_IDENTITY[sdk=iphoneos*]" = "iPhone Developer";
				COPY_PHASE_STRIP = YES;
				ENABLE_NS_ASSERTIONS = NO;
				ENABLE_STRICT_OBJC_MSGSEND = YES;
				GCC_C_LANGUAGE_STANDARD = gnu99;
				GCC_WARN_64_TO_32_BIT_CONVERSION = YES;
				GCC_WARN_ABOUT_RETURN_TYPE = YES_ERROR;
				GCC_WARN_UNDECLARED_SELECTOR = YES;
				GCC_WARN_UNINITIALIZED_AUTOS = YES_AGGRESSIVE;
				GCC_WARN_UNUSED_FUNCTION = YES;
				GCC_WARN_UNUSED_VARIABLE = YES;
				IPHONEOS_DEPLOYMENT_TARGET = 8.0;
				MTL_ENABLE_DEBUG_INFO = NO;
				SDKROOT = iphoneos;
				VALIDATE_PRODUCT = YES;
			};
			name = Release;
		};
		E901B21519E59436007F70A0 /* Debug */ = {
			isa = XCBuildConfiguration;
			buildSettings = {
				ASSETCATALOG_COMPILER_APPICON_NAME = AppIcon;
				INFOPLIST_FILE = "iOS App/Info.plist";
				LD_RUNPATH_SEARCH_PATHS = "$(inherited) @executable_path/Frameworks";
				PRODUCT_NAME = "$(TARGET_NAME)";
			};
			name = Debug;
		};
		E901B21619E59436007F70A0 /* Release */ = {
			isa = XCBuildConfiguration;
			buildSettings = {
				ASSETCATALOG_COMPILER_APPICON_NAME = AppIcon;
				INFOPLIST_FILE = "iOS App/Info.plist";
				LD_RUNPATH_SEARCH_PATHS = "$(inherited) @executable_path/Frameworks";
				PRODUCT_NAME = "$(TARGET_NAME)";
			};
			name = Release;
		};
		E901B21819E59436007F70A0 /* Debug */ = {
			isa = XCBuildConfiguration;
			buildSettings = {
				BUNDLE_LOADER = "$(TEST_HOST)";
				FRAMEWORK_SEARCH_PATHS = (
					"$(SDKROOT)/Developer/Library/Frameworks",
					"$(inherited)",
				);
				GCC_PREPROCESSOR_DEFINITIONS = (
					"DEBUG=1",
					"$(inherited)",
				);
				INFOPLIST_FILE = "iOS AppTests/Info.plist";
				LD_RUNPATH_SEARCH_PATHS = "$(inherited) @executable_path/Frameworks @loader_path/Frameworks";
				PRODUCT_NAME = "$(TARGET_NAME)";
				TEST_HOST = "$(BUILT_PRODUCTS_DIR)/iOS App.app/iOS App";
			};
			name = Debug;
		};
		E901B21919E59436007F70A0 /* Release */ = {
			isa = XCBuildConfiguration;
			buildSettings = {
				BUNDLE_LOADER = "$(TEST_HOST)";
				FRAMEWORK_SEARCH_PATHS = (
					"$(SDKROOT)/Developer/Library/Frameworks",
					"$(inherited)",
				);
				INFOPLIST_FILE = "iOS AppTests/Info.plist";
				LD_RUNPATH_SEARCH_PATHS = "$(inherited) @executable_path/Frameworks @loader_path/Frameworks";
				PRODUCT_NAME = "$(TARGET_NAME)";
				TEST_HOST = "$(BUILT_PRODUCTS_DIR)/iOS App.app/iOS App";
			};
			name = Release;
		};
/* End XCBuildConfiguration section */

/* Begin XCConfigurationList section */
		E901B1F019E59436007F70A0 /* Build configuration list for PBXProject "iOS App" */ = {
			isa = XCConfigurationList;
			buildConfigurations = (
				E901B21219E59436007F70A0 /* Debug */,
				E901B21319E59436007F70A0 /* Release */,
			);
			defaultConfigurationIsVisible = 0;
			defaultConfigurationName = Release;
		};
		E901B21419E59436007F70A0 /* Build configuration list for PBXNativeTarget "iOS App" */ = {
			isa = XCConfigurationList;
			buildConfigurations = (
				E901B21519E59436007F70A0 /* Debug */,
				E901B21619E59436007F70A0 /* Release */,
			);
			defaultConfigurationIsVisible = 0;
		};
		E901B21719E59436007F70A0 /* Build configuration list for PBXNativeTarget "iOS AppTests" */ = {
			isa = XCConfigurationList;
			buildConfigurations = (
				E901B21819E59436007F70A0 /* Debug */,
				E901B21919E59436007F70A0 /* Release */,
			);
			defaultConfigurationIsVisible = 0;
		};
/* End XCConfigurationList section */
	};
	rootObject = E901B1ED19E59436007F70A0 /* Project object */;
}
